// !$*UTF8*$!
{
	archiveVersion = 1;
	classes = {
	};
	objectVersion = 56;
	objects = {

/* Begin PBXBuildFile section */
		CF552F8C2B82E9E3002C624C /* DataStructures.swift in Sources */ = {isa = PBXBuildFile; fileRef = CF552F8B2B82E9E3002C624C /* DataStructures.swift */; };
		CF552F8E2B885D3F002C624C /* Screenshot 2024-02-23 at 12.54.01 PM.png in Resources */ = {isa = PBXBuildFile; fileRef = CF552F8D2B885D3F002C624C /* Screenshot 2024-02-23 at 12.54.01 PM.png */; };
		CF552F902BC8DA04002C624C /* File.swift in Sources */ = {isa = PBXBuildFile; fileRef = CF552F8F2BC8DA04002C624C /* File.swift */; };
		CFDED6FA2B5EC04B003D8C04 /* AppDelegate.swift in Sources */ = {isa = PBXBuildFile; fileRef = CFDED6F92B5EC04B003D8C04 /* AppDelegate.swift */; };
		CFDED6FC2B5EC04B003D8C04 /* SceneDelegate.swift in Sources */ = {isa = PBXBuildFile; fileRef = CFDED6FB2B5EC04B003D8C04 /* SceneDelegate.swift */; };
		CFDED6FE2B5EC04B003D8C04 /* ViewController.swift in Sources */ = {isa = PBXBuildFile; fileRef = CFDED6FD2B5EC04B003D8C04 /* ViewController.swift */; };
		CFDED7012B5EC04B003D8C04 /* Main.storyboard in Resources */ = {isa = PBXBuildFile; fileRef = CFDED6FF2B5EC04B003D8C04 /* Main.storyboard */; };
		CFDED7032B5EC04D003D8C04 /* Assets.xcassets in Resources */ = {isa = PBXBuildFile; fileRef = CFDED7022B5EC04D003D8C04 /* Assets.xcassets */; };
		CFDED7062B5EC04D003D8C04 /* LaunchScreen.storyboard in Resources */ = {isa = PBXBuildFile; fileRef = CFDED7042B5EC04D003D8C04 /* LaunchScreen.storyboard */; };
/* End PBXBuildFile section */

/* Begin PBXFileReference section */
		CF552F8B2B82E9E3002C624C /* DataStructures.swift */ = {isa = PBXFileReference; lastKnownFileType = sourcecode.swift; path = DataStructures.swift; sourceTree = "<group>"; };
		CF552F8D2B885D3F002C624C /* Screenshot 2024-02-23 at 12.54.01 PM.png */ = {isa = PBXFileReference; lastKnownFileType = image.png; path = "Screenshot 2024-02-23 at 12.54.01 PM.png"; sourceTree = "<group>"; };
		CF552F8F2BC8DA04002C624C /* File.swift */ = {isa = PBXFileReference; lastKnownFileType = sourcecode.swift; path = File.swift; sourceTree = "<group>"; };
		CFDED6F62B5EC04B003D8C04 /* Blackjack.app */ = {isa = PBXFileReference; explicitFileType = wrapper.application; includeInIndex = 0; path = Blackjack.app; sourceTree = BUILT_PRODUCTS_DIR; };
		CFDED6F92B5EC04B003D8C04 /* AppDelegate.swift */ = {isa = PBXFileReference; lastKnownFileType = sourcecode.swift; path = AppDelegate.swift; sourceTree = "<group>"; };
		CFDED6FB2B5EC04B003D8C04 /* SceneDelegate.swift */ = {isa = PBXFileReference; lastKnownFileType = sourcecode.swift; path = SceneDelegate.swift; sourceTree = "<group>"; };
		CFDED6FD2B5EC04B003D8C04 /* ViewController.swift */ = {isa = PBXFileReference; lastKnownFileType = sourcecode.swift; path = ViewController.swift; sourceTree = "<group>"; };
		CFDED7002B5EC04B003D8C04 /* Base */ = {isa = PBXFileReference; lastKnownFileType = file.storyboard; name = Base; path = Base.lproj/Main.storyboard; sourceTree = "<group>"; };
		CFDED7022B5EC04D003D8C04 /* Assets.xcassets */ = {isa = PBXFileReference; lastKnownFileType = folder.assetcatalog; path = Assets.xcassets; sourceTree = "<group>"; };
		CFDED7052B5EC04D003D8C04 /* Base */ = {isa = PBXFileReference; lastKnownFileType = file.storyboard; name = Base; path = Base.lproj/LaunchScreen.storyboard; sourceTree = "<group>"; };
		CFDED7072B5EC04D003D8C04 /* Info.plist */ = {isa = PBXFileReference; lastKnownFileType = text.plist.xml; path = Info.plist; sourceTree = "<group>"; };
/* End PBXFileReference section */

/* Begin PBXFrameworksBuildPhase section */
		CFDED6F32B5EC04B003D8C04 /* Frameworks */ = {
			isa = PBXFrameworksBuildPhase;
			buildActionMask = 2147483647;
			files = (
			);
			runOnlyForDeploymentPostprocessing = 0;
		};
/* End PBXFrameworksBuildPhase section */

/* Begin PBXGroup section */
		CFDED6ED2B5EC04B003D8C04 = {
			isa = PBXGroup;
			children = (
				CF552F8F2BC8DA04002C624C /* File.swift */,
				CFDED6F82B5EC04B003D8C04 /* Blackjack */,
				CFDED6F72B5EC04B003D8C04 /* Products */,
			);
			sourceTree = "<group>";
		};
		CFDED6F72B5EC04B003D8C04 /* Products */ = {
			isa = PBXGroup;
			children = (
				CFDED6F62B5EC04B003D8C04 /* Blackjack.app */,
			);
			name = Products;
			sourceTree = "<group>";
		};
		CFDED6F82B5EC04B003D8C04 /* Blackjack */ = {
			isa = PBXGroup;
			children = (
				CF552F8B2B82E9E3002C624C /* DataStructures.swift */,
				CFDED6F92B5EC04B003D8C04 /* AppDelegate.swift */,
				CFDED6FB2B5EC04B003D8C04 /* SceneDelegate.swift */,
				CFDED6FD2B5EC04B003D8C04 /* ViewController.swift */,
				CFDED6FF2B5EC04B003D8C04 /* Main.storyboard */,
				CFDED7022B5EC04D003D8C04 /* Assets.xcassets */,
				CF552F8D2B885D3F002C624C /* Screenshot 2024-02-23 at 12.54.01 PM.png */,
				CFDED7042B5EC04D003D8C04 /* LaunchScreen.storyboard */,
				CFDED7072B5EC04D003D8C04 /* Info.plist */,
			);
			path = Blackjack;
			sourceTree = "<group>";
		};
/* End PBXGroup section */

/* Begin PBXNativeTarget section */
		CFDED6F52B5EC04B003D8C04 /* Blackjack */ = {
			isa = PBXNativeTarget;
			buildConfigurationList = CFDED70A2B5EC04D003D8C04 /* Build configuration list for PBXNativeTarget "Blackjack" */;
			buildPhases = (
				CFDED6F22B5EC04B003D8C04 /* Sources */,
				CFDED6F32B5EC04B003D8C04 /* Frameworks */,
				CFDED6F42B5EC04B003D8C04 /* Resources */,
			);
			buildRules = (
			);
			dependencies = (
			);
			name = Blackjack;
			productName = Blackjack;
			productReference = CFDED6F62B5EC04B003D8C04 /* Blackjack.app */;
			productType = "com.apple.product-type.application";
		};
/* End PBXNativeTarget section */

/* Begin PBXProject section */
		CFDED6EE2B5EC04B003D8C04 /* Project object */ = {
			isa = PBXProject;
			attributes = {
				BuildIndependentTargetsInParallel = 1;
				LastSwiftUpdateCheck = 1420;
				LastUpgradeCheck = 1420;
				TargetAttributes = {
					CFDED6F52B5EC04B003D8C04 = {
						CreatedOnToolsVersion = 14.2;
					};
				};
			};
			buildConfigurationList = CFDED6F12B5EC04B003D8C04 /* Build configuration list for PBXProject "Blackjack" */;
			compatibilityVersion = "Xcode 14.0";
			developmentRegion = en;
			hasScannedForEncodings = 0;
			knownRegions = (
				en,
				Base,
			);
			mainGroup = CFDED6ED2B5EC04B003D8C04;
			productRefGroup = CFDED6F72B5EC04B003D8C04 /* Products */;
			projectDirPath = "";
			projectRoot = "";
			targets = (
				CFDED6F52B5EC04B003D8C04 /* Blackjack */,
			);
		};
/* End PBXProject section */

/* Begin PBXResourcesBuildPhase section */
		CFDED6F42B5EC04B003D8C04 /* Resources */ = {
			isa = PBXResourcesBuildPhase;
			buildActionMask = 2147483647;
			files = (
				CFDED7062B5EC04D003D8C04 /* LaunchScreen.storyboard in Resources */,
				CF552F8E2B885D3F002C624C /* Screenshot 2024-02-23 at 12.54.01 PM.png in Resources */,
				CFDED7032B5EC04D003D8C04 /* Assets.xcassets in Resources */,
				CFDED7012B5EC04B003D8C04 /* Main.storyboard in Resources */,
			);
			runOnlyForDeploymentPostprocessing = 0;
		};
/* End PBXResourcesBuildPhase section */

/* Begin PBXSourcesBuildPhase section */
		CFDED6F22B5EC04B003D8C04 /* Sources */ = {
			isa = PBXSourcesBuildPhase;
			buildActionMask = 2147483647;
			files = (
				CF552F902BC8DA04002C624C /* File.swift in Sources */,
				CFDED6FE2B5EC04B003D8C04 /* ViewController.swift in Sources */,
				CF552F8C2B82E9E3002C624C /* DataStructures.swift in Sources */,
				CFDED6FA2B5EC04B003D8C04 /* AppDelegate.swift in Sources */,
				CFDED6FC2B5EC04B003D8C04 /* SceneDelegate.swift in Sources */,
			);
			runOnlyForDeploymentPostprocessing = 0;
		};
/* End PBXSourcesBuildPhase section */

/* Begin PBXVariantGroup section */
		CFDED6FF2B5EC04B003D8C04 /* Main.storyboard */ = {
			isa = PBXVariantGroup;
			children = (
				CFDED7002B5EC04B003D8C04 /* Base */,
			);
			name = Main.storyboard;
			sourceTree = "<group>";
		};
		CFDED7042B5EC04D003D8C04 /* LaunchScreen.storyboard */ = {
			isa = PBXVariantGroup;
			children = (
				CFDED7052B5EC04D003D8C04 /* Base */,
			);
			name = LaunchScreen.storyboard;
			sourceTree = "<group>";
		};
/* End PBXVariantGroup section */

/* Begin XCBuildConfiguration section */
		CFDED7082B5EC04D003D8C04 /* Debug */ = {
			isa = XCBuildConfiguration;
			buildSettings = {
				ALWAYS_SEARCH_USER_PATHS = NO;
				CLANG_ANALYZER_NONNULL = YES;
				CLANG_ANALYZER_NUMBER_OBJECT_CONVERSION = YES_AGGRESSIVE;
				CLANG_CXX_LANGUAGE_STANDARD = "gnu++20";
				CLANG_ENABLE_MODULES = YES;
				CLANG_ENABLE_OBJC_ARC = YES;
				CLANG_ENABLE_OBJC_WEAK = YES;
				CLANG_WARN_BLOCK_CAPTURE_AUTORELEASING = YES;
				CLANG_WARN_BOOL_CONVERSION = YES;
				CLANG_WARN_COMMA = YES;
				CLANG_WARN_CONSTANT_CONVERSION = YES;
				CLANG_WARN_DEPRECATED_OBJC_IMPLEMENTATIONS = YES;
				CLANG_WARN_DIRECT_OBJC_ISA_USAGE = YES_ERROR;
				CLANG_WARN_DOCUMENTATION_COMMENTS = YES;
				CLANG_WARN_EMPTY_BODY = YES;
				CLANG_WARN_ENUM_CONVERSION = YES;
				CLANG_WARN_INFINITE_RECURSION = YES;
				CLANG_WARN_INT_CONVERSION = YES;
				CLANG_WARN_NON_LITERAL_NULL_CONVERSION = YES;
				CLANG_WARN_OBJC_IMPLICIT_RETAIN_SELF = YES;
				CLANG_WARN_OBJC_LITERAL_CONVERSION = YES;
				CLANG_WARN_OBJC_ROOT_CLASS = YES_ERROR;
				CLANG_WARN_QUOTED_INCLUDE_IN_FRAMEWORK_HEADER = YES;
				CLANG_WARN_RANGE_LOOP_ANALYSIS = YES;
				CLANG_WARN_STRICT_PROTOTYPES = YES;
				CLANG_WARN_SUSPICIOUS_MOVE = YES;
				CLANG_WARN_UNGUARDED_AVAILABILITY = YES_AGGRESSIVE;
				CLANG_WARN_UNREACHABLE_CODE = YES;
				CLANG_WARN__DUPLICATE_METHOD_MATCH = YES;
				COPY_PHASE_STRIP = NO;
				DEBUG_INFORMATION_FORMAT = dwarf;
				ENABLE_STRICT_OBJC_MSGSEND = YES;
				ENABLE_TESTABILITY = YES;
				GCC_C_LANGUAGE_STANDARD = gnu11;
				GCC_DYNAMIC_NO_PIC = NO;
				GCC_NO_COMMON_BLOCKS = YES;
				GCC_OPTIMIZATION_LEVEL = 0;
				GCC_PREPROCESSOR_DEFINITIONS = (
					"DEBUG=1",
					"$(inherited)",
				);
				GCC_WARN_64_TO_32_BIT_CONVERSION = YES;
				GCC_WARN_ABOUT_RETURN_TYPE = YES_ERROR;
				GCC_WARN_UNDECLARED_SELECTOR = YES;
				GCC_WARN_UNINITIALIZED_AUTOS = YES_AGGRESSIVE;
				GCC_WARN_UNUSED_FUNCTION = YES;
				GCC_WARN_UNUSED_VARIABLE = YES;
				IPHONEOS_DEPLOYMENT_TARGET = 16.2;
				MTL_ENABLE_DEBUG_INFO = INCLUDE_SOURCE;
				MTL_FAST_MATH = YES;
				ONLY_ACTIVE_ARCH = YES;
				SDKROOT = iphoneos;
				SWIFT_ACTIVE_COMPILATION_CONDITIONS = DEBUG;
				SWIFT_OPTIMIZATION_LEVEL = "-Onone";
			};
			name = Debug;
		};
		CFDED7092B5EC04D003D8C04 /* Release */ = {
			isa = XCBuildConfiguration;
			buildSettings = {
				ALWAYS_SEARCH_USER_PATHS = NO;
				CLANG_ANALYZER_NONNULL = YES;
				CLANG_ANALYZER_NUMBER_OBJECT_CONVERSION = YES_AGGRESSIVE;
				CLANG_CXX_LANGUAGE_STANDARD = "gnu++20";
				CLANG_ENABLE_MODULES = YES;
				CLANG_ENABLE_OBJC_ARC = YES;
				CLANG_ENABLE_OBJC_WEAK = YES;
				CLANG_WARN_BLOCK_CAPTURE_AUTORELEASING = YES;
				CLANG_WARN_BOOL_CONVERSION = YES;
				CLANG_WARN_COMMA = YES;
				CLANG_WARN_CONSTANT_CONVERSION = YES;
				CLANG_WARN_DEPRECATED_OBJC_IMPLEMENTATIONS = YES;
				CLANG_WARN_DIRECT_OBJC_ISA_USAGE = YES_ERROR;
				CLANG_WARN_DOCUMENTATION_COMMENTS = YES;
				CLANG_WARN_EMPTY_BODY = YES;
				CLANG_WARN_ENUM_CONVERSION = YES;
				CLANG_WARN_INFINITE_RECURSION = YES;
				CLANG_WARN_INT_CONVERSION = YES;
				CLANG_WARN_NON_LITERAL_NULL_CONVERSION = YES;
				CLANG_WARN_OBJC_IMPLICIT_RETAIN_SELF = YES;
				CLANG_WARN_OBJC_LITERAL_CONVERSION = YES;
				CLANG_WARN_OBJC_ROOT_CLASS = YES_ERROR;
				CLANG_WARN_QUOTED_INCLUDE_IN_FRAMEWORK_HEADER = YES;
				CLANG_WARN_RANGE_LOOP_ANALYSIS = YES;
				CLANG_WARN_STRICT_PROTOTYPES = YES;
				CLANG_WARN_SUSPICIOUS_MOVE = YES;
				CLANG_WARN_UNGUARDED_AVAILABILITY = YES_AGGRESSIVE;
				CLANG_WARN_UNREACHABLE_CODE = YES;
				CLANG_WARN__DUPLICATE_METHOD_MATCH = YES;
				COPY_PHASE_STRIP = NO;
				DEBUG_INFORMATION_FORMAT = "dwarf-with-dsym";
				ENABLE_NS_ASSERTIONS = NO;
				ENABLE_STRICT_OBJC_MSGSEND = YES;
				GCC_C_LANGUAGE_STANDARD = gnu11;
				GCC_NO_COMMON_BLOCKS = YES;
				GCC_WARN_64_TO_32_BIT_CONVERSION = YES;
				GCC_WARN_ABOUT_RETURN_TYPE = YES_ERROR;
				GCC_WARN_UNDECLARED_SELECTOR = YES;
				GCC_WARN_UNINITIALIZED_AUTOS = YES_AGGRESSIVE;
				GCC_WARN_UNUSED_FUNCTION = YES;
				GCC_WARN_UNUSED_VARIABLE = YES;
				IPHONEOS_DEPLOYMENT_TARGET = 16.2;
				MTL_ENABLE_DEBUG_INFO = NO;
				MTL_FAST_MATH = YES;
				SDKROOT = iphoneos;
				SWIFT_COMPILATION_MODE = wholemodule;
				SWIFT_OPTIMIZATION_LEVEL = "-O";
				VALIDATE_PRODUCT = YES;
			};
			name = Release;
		};
		CFDED70B2B5EC04D003D8C04 /* Debug */ = {
			isa = XCBuildConfiguration;
			buildSettings = {
				ASSETCATALOG_COMPILER_APPICON_NAME = AppIcon;
				ASSETCATALOG_COMPILER_GLOBAL_ACCENT_COLOR_NAME = AccentColor;
				CODE_SIGN_STYLE = Automatic;
				CURRENT_PROJECT_VERSION = 1;
				DEVELOPMENT_TEAM = 4G9C9YDQH6;
				GENERATE_INFOPLIST_FILE = YES;
				INFOPLIST_FILE = Blackjack/Info.plist;
				INFOPLIST_KEY_UIApplicationSupportsIndirectInputEvents = YES;
				INFOPLIST_KEY_UILaunchStoryboardName = LaunchScreen;
				INFOPLIST_KEY_UIMainStoryboardFile = Main;
				INFOPLIST_KEY_UISupportedInterfaceOrientations_iPad = "UIInterfaceOrientationPortrait UIInterfaceOrientationPortraitUpsideDown UIInterfaceOrientationLandscapeLeft UIInterfaceOrientationLandscapeRight";
				INFOPLIST_KEY_UISupportedInterfaceOrientations_iPhone = "UIInterfaceOrientationPortrait UIInterfaceOrientationLandscapeLeft UIInterfaceOrientationLandscapeRight";
				LD_RUNPATH_SEARCH_PATHS = (
					"$(inherited)",
					"@executable_path/Frameworks",
				);
				MARKETING_VERSION = 1.0;
				PRODUCT_BUNDLE_IDENTIFIER = com.magnuswong.Blackjack;
				PRODUCT_NAME = "$(TARGET_NAME)";
				SWIFT_EMIT_LOC_STRINGS = YES;
				SWIFT_VERSION = 5.0;
				TARGETED_DEVICE_FAMILY = "1,2";
			};
			name = Debug;
		};
		CFDED70C2B5EC04D003D8C04 /* Release */ = {
			isa = XCBuildConfiguration;
			buildSettings = {
				ASSETCATALOG_COMPILER_APPICON_NAME = AppIcon;
				ASSETCATALOG_COMPILER_GLOBAL_ACCENT_COLOR_NAME = AccentColor;
				CODE_SIGN_STYLE = Automatic;
				CURRENT_PROJECT_VERSION = 1;
				DEVELOPMENT_TEAM = 4G9C9YDQH6;
				GENERATE_INFOPLIST_FILE = YES;
				INFOPLIST_FILE = Blackjack/Info.plist;
				INFOPLIST_KEY_UIApplicationSupportsIndirectInputEvents = YES;
				INFOPLIST_KEY_UILaunchStoryboardName = LaunchScreen;
				INFOPLIST_KEY_UIMainStoryboardFile = Main;
				INFOPLIST_KEY_UISupportedInterfaceOrientations_iPad = "UIInterfaceOrientationPortrait UIInterfaceOrientationPortraitUpsideDown UIInterfaceOrientationLandscapeLeft UIInterfaceOrientationLandscapeRight";
				INFOPLIST_KEY_UISupportedInterfaceOrientations_iPhone = "UIInterfaceOrientationPortrait UIInterfaceOrientationLandscapeLeft UIInterfaceOrientationLandscapeRight";
				LD_RUNPATH_SEARCH_PATHS = (
					"$(inherited)",
					"@executable_path/Frameworks",
				);
				MARKETING_VERSION = 1.0;
				PRODUCT_BUNDLE_IDENTIFIER = com.magnuswong.Blackjack;
				PRODUCT_NAME = "$(TARGET_NAME)";
				SWIFT_EMIT_LOC_STRINGS = YES;
				SWIFT_VERSION = 5.0;
				TARGETED_DEVICE_FAMILY = "1,2";
			};
			name = Release;
		};
/* End XCBuildConfiguration section */

/* Begin XCConfigurationList section */
		CFDED6F12B5EC04B003D8C04 /* Build configuration list for PBXProject "Blackjack" */ = {
			isa = XCConfigurationList;
			buildConfigurations = (
				CFDED7082B5EC04D003D8C04 /* Debug */,
				CFDED7092B5EC04D003D8C04 /* Release */,
			);
			defaultConfigurationIsVisible = 0;
			defaultConfigurationName = Release;
		};
		CFDED70A2B5EC04D003D8C04 /* Build configuration list for PBXNativeTarget "Blackjack" */ = {
			isa = XCConfigurationList;
			buildConfigurations = (
				CFDED70B2B5EC04D003D8C04 /* Debug */,
				CFDED70C2B5EC04D003D8C04 /* Release */,
			);
			defaultConfigurationIsVisible = 0;
			defaultConfigurationName = Release;
		};
/* End XCConfigurationList section */
	};
	rootObject = CFDED6EE2B5EC04B003D8C04 /* Project object */;
}
